# This file was autogenerated by Stack.
# You should not edit this file by hand.
# For more information, please see the documentation at:
#   https://docs.haskellstack.org/en/stable/lock_files

packages:
- completed:
    hackage: binary-instances-1.0.2@sha256:287a09f72d02d9733c6cec7e7d585d151777cfc27cc10e91b5eb1a4350582db9,2753
    pantry-tree:
      size: 1036
      sha256: 4c163bb98f333b1963f26fdfbc8332c2a1a6e1e2fd05692476d321264c9e23d8
  original:
    hackage: binary-instances-1.0.2
- completed:
    size: 374222
    url: https://github.com/fumieval/extensible/archive/4a1edb50c90d377085fcc3bad4c9f6e9d296b00e.tar.gz
    name: extensible
    version: '0.9'
    sha256: 8005a29db91b0a67018162b69c913ddf722bdc527f5565caef2644f6ffcd0c95
    pantry-tree:
      size: 2982
      sha256: 77c619f82592a969dbb6a7f5e303063678feeb965b085b9c926e6887621521af
  original:
    url: https://github.com/fumieval/extensible/archive/4a1edb50c90d377085fcc3bad4c9f6e9d296b00e.tar.gz
- completed:
    hackage: fallible-0.1.0@sha256:0e0032c34120a43bf1d446172162b546e36441c38f620afb24e9d447ed7ce6b6,1312
    pantry-tree:
      size: 369
      sha256: 7de6ccd3ae9fa01eafdb02afdd5a50f1f6babf48aeb31afa21d0329f0fdd19d1
  original:
    hackage: fallible-0.1.0
- completed:
    hackage: incremental-0.3.1@sha256:9c697bae4f7e5ceb144bde13e03ca2f36b4bc2d0c92bbc02e0a604231ee279c2,1153
    pantry-tree:
      size: 370
      sha256: fd5f40352dbf1602babd2c5db2a120c26e57bbd5ad30b19ce24d04189f6a18d1
  original:
    hackage: incremental-0.3.1
- completed:
    hackage: membership-0.0.1@sha256:6c4d4ab6e3fb3253c6c670e8a63f74454dc91be50b9f292d0b1355792190aee5,999
    pantry-tree:
      size: 408
      sha256: b918a1a207108313b2bf453b0d9aa65122d9845c4b360c8ade46d3429ff1107a
  original:
    hackage: membership-0.0.1
- completed:
    size: 10360
    url: https://github.com/tsani/servant-github-webhook/archive/f8cb8bc10d3e9d275fa995b0d01ba2d1eeaa700b.tar.gz
    name: servant-github-webhook
    version: 0.4.2.0
    sha256: 61ccafa1759b4df214265ada0555ecdf95b0b02473cdf12f86b3f0c128048445
    pantry-tree:
      size: 730
      sha256: dc8e86b7e441351496ede201fcc6dc3fcfb96862d2be7559ecf72ed9f11a3c99
  original:
    url: https://github.com/tsani/servant-github-webhook/archive/f8cb8bc10d3e9d275fa995b0d01ba2d1eeaa700b.tar.gz
- completed:
    size: 92004
    url: https://github.com/matsubara0507/github/archive/eaa26ad782cc9d3b19419ba7e2ebf871474eb5a8.tar.gz
    name: github
    version: 0.27.1
    sha256: 4a70d152aa4680bc3fe90645213e3c2599a3430eedcbff4307fa0f7b77df5516
    pantry-tree:
      size: 16684
      sha256: b934a1bd39495ecf358ded5fb5f0e0a8fa168eeed8f94984d5c6969c873442bd
  original:
    url: https://github.com/matsubara0507/github/archive/eaa26ad782cc9d3b19419ba7e2ebf871474eb5a8.tar.gz
- completed:
    size: 19910
    subdir: elmap
    url: https://github.com/matsubara0507/elmap.hs/archive/3cd415ba620aeb588c5f7217d96a8d6f05cb45f1.tar.gz
    name: elmap
    version: 0.1.0.1
    sha256: 709e3d7639d0f460dbc8c2ae629ad5f8edb17f22735cda7f79c34a12a30d3375
    pantry-tree:
      size: 476
      sha256: b38023fb7e22af9c326855669b51aed720146e2959d44b6abd09571a5046c8d9
  original:
    subdir: elmap
    url: https://github.com/matsubara0507/elmap.hs/archive/3cd415ba620aeb588c5f7217d96a8d6f05cb45f1.tar.gz
- completed:
    size: 19910
    subdir: servant-elmap
    url: https://github.com/matsubara0507/elmap.hs/archive/3cd415ba620aeb588c5f7217d96a8d6f05cb45f1.tar.gz
    name: servant-elmap
    version: 0.1.0.1
    sha256: 709e3d7639d0f460dbc8c2ae629ad5f8edb17f22735cda7f79c34a12a30d3375
    pantry-tree:
      size: 614
      sha256: c29a94be05a0f3cc087761f36cee959f17aa4c0d11a43ff18e4e1658478624b3
  original:
    subdir: servant-elmap
    url: https://github.com/matsubara0507/elmap.hs/archive/3cd415ba620aeb588c5f7217d96a8d6f05cb45f1.tar.gz
- completed:
    size: 19910
    subdir: extensible-elmap
    url: https://github.com/matsubara0507/elmap.hs/archive/3cd415ba620aeb588c5f7217d96a8d6f05cb45f1.tar.gz
    name: extensible-elmap
    version: 0.1.0.1
    sha256: 709e3d7639d0f460dbc8c2ae629ad5f8edb17f22735cda7f79c34a12a30d3375
    pantry-tree:
      size: 439
      sha256: 25681ca163a6aabe877c08555907b6b04fae34e92ad2ef0e0b91e40c692bd065
  original:
    subdir: extensible-elmap
    url: https://github.com/matsubara0507/elmap.hs/archive/3cd415ba620aeb588c5f7217d96a8d6f05cb45f1.tar.gz
- completed:
    size: 12036
    subdir: mix
    url: https://github.com/matsubara0507/mix.hs/archive/da914f3c0ec152e5814ed5495c9c3aef2ceec4ed.tar.gz
    name: mix
    version: 0.1.1
    sha256: 2c9640592d44d865663a1d8814e90efb48fadb7d2ee4fea1781784c7a55b2a89
    pantry-tree:
      size: 598
      sha256: 934c2b8605c35e49d36c87c3c41dc0459e399919cf12161e16cc0d82340251b5
  original:
    subdir: mix
    url: https://github.com/matsubara0507/mix.hs/archive/da914f3c0ec152e5814ed5495c9c3aef2ceec4ed.tar.gz
- completed:
    size: 12036
    subdir: mix-json-logger
    url: https://github.com/matsubara0507/mix.hs/archive/da914f3c0ec152e5814ed5495c9c3aef2ceec4ed.tar.gz
    name: mix-json-logger
    version: 0.1.0
    sha256: 2c9640592d44d865663a1d8814e90efb48fadb7d2ee4fea1781784c7a55b2a89
    pantry-tree:
      size: 334
      sha256: 7dcec7237b58fc21fd53b19a88c37a680fdd16cc2994e7bb90ed38e83b3d8768
  original:
    subdir: mix-json-logger
    url: https://github.com/matsubara0507/mix.hs/archive/da914f3c0ec152e5814ed5495c9c3aef2ceec4ed.tar.gz
- completed:
    size: 12036
    subdir: mix-plugin-github
    url: https://github.com/matsubara0507/mix.hs/archive/da914f3c0ec152e5814ed5495c9c3aef2ceec4ed.tar.gz
    name: mix-plugin-github
    version: 0.3.0
    sha256: 2c9640592d44d865663a1d8814e90efb48fadb7d2ee4fea1781784c7a55b2a89
    pantry-tree:
      size: 458
      sha256: c12925af9288415df9626130d555a09b2b27e26a04ecf1530ce65cff704cfdc4
  original:
    subdir: mix-plugin-github
    url: https://github.com/matsubara0507/mix.hs/archive/da914f3c0ec152e5814ed5495c9c3aef2ceec4ed.tar.gz
- completed:
    size: 12036
    subdir: mix-plugin-persistent-sqlite
    url: https://github.com/matsubara0507/mix.hs/archive/da914f3c0ec152e5814ed5495c9c3aef2ceec4ed.tar.gz
    name: mix-plugin-persistent-sqlite
    version: 0.1.0
    sha256: 2c9640592d44d865663a1d8814e90efb48fadb7d2ee4fea1781784c7a55b2a89
    pantry-tree:
      size: 357
      sha256: 8ba3753486908e267620ff8c32c6799d703dfa80395f14a94e957a9728da6002
  original:
    subdir: mix-plugin-persistent-sqlite
    url: https://github.com/matsubara0507/mix.hs/archive/da914f3c0ec152e5814ed5495c9c3aef2ceec4ed.tar.gz
- completed:
    size: 12036
    subdir: mix-plugin-shell
    url: https://github.com/matsubara0507/mix.hs/archive/da914f3c0ec152e5814ed5495c9c3aef2ceec4ed.tar.gz
    name: mix-plugin-shell
    version: 0.1.0
    sha256: 2c9640592d44d865663a1d8814e90efb48fadb7d2ee4fea1781784c7a55b2a89
    pantry-tree:
      size: 383
      sha256: 2c30acc53ef040b03bdacf6275dc225c07f01a05fa67b5872b0fcf05c8e8b72c
  original:
    subdir: mix-plugin-shell
    url: https://github.com/matsubara0507/mix.hs/archive/da914f3c0ec152e5814ed5495c9c3aef2ceec4ed.tar.gz
- completed:
    size: 12036
    subdir: helper/rio-logger-ext
    url: https://github.com/matsubara0507/mix.hs/archive/da914f3c0ec152e5814ed5495c9c3aef2ceec4ed.tar.gz
    name: rio-logger-ext
    version: 0.1.0
    sha256: 2c9640592d44d865663a1d8814e90efb48fadb7d2ee4fea1781784c7a55b2a89
    pantry-tree:
      size: 275
      sha256: 6610dacdf9c92484902401f6303863c28afa54e6e385d89584889226dc01a741
  original:
    subdir: helper/rio-logger-ext
    url: https://github.com/matsubara0507/mix.hs/archive/da914f3c0ec152e5814ed5495c9c3aef2ceec4ed.tar.gz
snapshots:
- completed:
    size: 548274
    url: https://raw.githubusercontent.com/commercialhaskell/stackage-snapshots/master/nightly/2022/4/9.yaml
    sha256: e8bcfd26c8e645fbefb63c030005e41877a7122940245a20db942acc6ff4d84d
  original: nightly-2022-04-09
