# This file was autogenerated by Stack.
# You should not edit this file by hand.
# For more information, please see the documentation at:
#   https://docs.haskellstack.org/en/stable/lock_files

packages:
- completed:
    hackage: extensible-0.6.1@sha256:d73a5dc13bd00f44ace729f83ce868e81a45ea31c7453a6f8a4a9b5b0591d600,2860
    pantry-tree:
      size: 2354
      sha256: 9fadd24af89df601f19d57893b513d1742a1942670d6d2e73e79fb4b7aabce65
  original:
    hackage: extensible-0.6.1
- completed:
    hackage: membership-0@sha256:3a11d8fd53cb1a76bb9273e6c929bbf9d649f109714bf487abb3143be04ddc81,995
    pantry-tree:
      size: 408
      sha256: 3b593e0d14e848e318e745555776ebb25210e5e3dec4fde5d3c08ab51ceddc62
  original:
    hackage: membership-0
- completed:
    hackage: binary-instances-1@sha256:cdef50410f2797de38f021d328d38c32b2f4abeaab86bfaf78e0657150863090,2613
    pantry-tree:
      size: 1035
      sha256: b58b9e7a482f158b33d87d807cd91bf99e6cd998593f4d9b11d96e978559a690
  original:
    hackage: binary-instances-1
- completed:
    hackage: servant-github-webhook-0.4.1.0@sha256:6ac456ccc6a2a96b30a7b80cd91b121f1b7e9bd33635641a6afbd6137700a753,2754
    pantry-tree:
      size: 576
      sha256: f00112fb96ffe1caa7076a466868af0b47eed0ffea92792b3cde5a5e369a7005
  original:
    hackage: servant-github-webhook-0.4.1.0
- completed:
    hackage: drone-1.0.1@sha256:13745ac6ca79db908e7ff2b4ab3a595f53c4a039abfa9ccc430b88845ec638b1,2607
    pantry-tree:
      size: 2422
      sha256: e129988826e929fe1b695f5b4e52525a9a23167a4362e73c8c60f8fedea3ac84
  original:
    hackage: drone-1.0.1
- completed:
    size: 93288
    url: https://github.com/matsubara0507/github/archive/0e53921d2433c3e86b7231e6be7d234ae75c095f.tar.gz
    cabal-file:
      size: 6909
      sha256: 13f09e904248a40dd173c08f2859d0dfda178a7c27f88df20b70a0d5a7614757
    name: github
    version: '0.22'
    sha256: 7ec8fd5d7053204563d8f28ae4910eb8d40fa6f76b9d67b208905dd28ca9e71f
    pantry-tree:
      size: 15814
      sha256: 3795c9a117b2db777a345c8b29ce4335cd7d35774cc584ad97171be349b59908
  original:
    url: https://github.com/matsubara0507/github/archive/0e53921d2433c3e86b7231e6be7d234ae75c095f.tar.gz
- completed:
    size: 14805
    url: https://github.com/matsubara0507/elm-export/archive/0a05fecf56f84aa2ad998200a03c7df2a1676c0c.tar.gz
    cabal-file:
      size: 2097
      sha256: a376a9732c6f1f59e78f353c16d03261136b73711b5e04e0c311ff7708a23486
    name: elm-export
    version: 0.6.0.1
    sha256: 7ecf44003c8e14530dc2a4f03b35e91ca617f2aaf3d2686d9762bece73fb03e4
    pantry-tree:
      size: 1960
      sha256: acd6e028ca4cc59595d483b8bb8d9c28c1fbc27e3ea8ee8a8dd1aa5fe74e7f90
  original:
    url: https://github.com/matsubara0507/elm-export/archive/0a05fecf56f84aa2ad998200a03c7df2a1676c0c.tar.gz
- completed:
    size: 8272
    subdir: mix
    url: https://github.com/matsubara0507/mix.hs/archive/f4cad8e116093169c8849a9ae9acefb93c3eefc5.tar.gz
    cabal-file:
      size: 1110
      sha256: 946df4a87070784d7ea659f6a3ad2f346f8cf31fea1135fc342feb5a303fa147
    name: mix
    version: 0.1.1
    sha256: 8daa72bb527fa53dd5f64eb21f0213a665db671351456468c8dd0da1e129945b
    pantry-tree:
      size: 598
      sha256: 689bed307dc233a6c50e01f00295a079dc40a4291700646f3ca423d714ba35fc
  original:
    subdir: mix
    url: https://github.com/matsubara0507/mix.hs/archive/f4cad8e116093169c8849a9ae9acefb93c3eefc5.tar.gz
- completed:
    size: 8272
    subdir: mix-json-logger
    url: https://github.com/matsubara0507/mix.hs/archive/f4cad8e116093169c8849a9ae9acefb93c3eefc5.tar.gz
    cabal-file:
      size: 1086
      sha256: 4843982f1708e474ad68a9bddc213b5447fb285a71b8c8f720329768056b231b
    name: mix-json-logger
    version: 0.1.0
    sha256: 8daa72bb527fa53dd5f64eb21f0213a665db671351456468c8dd0da1e129945b
    pantry-tree:
      size: 334
      sha256: 372be4778ce622e4ed87a5c77b4aa547a12da67c01570f2927f7a82ad9ec509d
  original:
    subdir: mix-json-logger
    url: https://github.com/matsubara0507/mix.hs/archive/f4cad8e116093169c8849a9ae9acefb93c3eefc5.tar.gz
- completed:
    size: 8272
    subdir: mix-plugin-github
    url: https://github.com/matsubara0507/mix.hs/archive/f4cad8e116093169c8849a9ae9acefb93c3eefc5.tar.gz
    cabal-file:
      size: 1086
      sha256: 67b254b05a5c5cdee3ca3fb3c35f4acffff0eadb804244774802a958024c0ae2
    name: mix-plugin-github
    version: 0.1.2
    sha256: 8daa72bb527fa53dd5f64eb21f0213a665db671351456468c8dd0da1e129945b
    pantry-tree:
      size: 386
      sha256: dded091928378429aab079abc4dcdaf81284194a9938a163bd6a389412e11f1f
  original:
    subdir: mix-plugin-github
    url: https://github.com/matsubara0507/mix.hs/archive/f4cad8e116093169c8849a9ae9acefb93c3eefc5.tar.gz
- completed:
    size: 8272
    subdir: mix-plugin-drone
    url: https://github.com/matsubara0507/mix.hs/archive/f4cad8e116093169c8849a9ae9acefb93c3eefc5.tar.gz
    cabal-file:
      size: 1098
      sha256: 9d64e3e2d764eb3e9ba3b3fbdf07d9754ec68b0e633384a77d11cfab29985e0d
    name: mix-plugin-drone
    version: 0.2.0
    sha256: 8daa72bb527fa53dd5f64eb21f0213a665db671351456468c8dd0da1e129945b
    pantry-tree:
      size: 384
      sha256: 0d1863a2929dd5368e8cfa1481c22c88c76e7633b4114961dfad88879495d912
  original:
    subdir: mix-plugin-drone
    url: https://github.com/matsubara0507/mix.hs/archive/f4cad8e116093169c8849a9ae9acefb93c3eefc5.tar.gz
- completed:
    size: 8272
    subdir: mix-plugin-shell
    url: https://github.com/matsubara0507/mix.hs/archive/f4cad8e116093169c8849a9ae9acefb93c3eefc5.tar.gz
    cabal-file:
      size: 1083
      sha256: ddac0c273cf85cc2629c9bf4cc9a952805e146d601b71324468dcb4ad5aaff95
    name: mix-plugin-shell
    version: 0.1.0
    sha256: 8daa72bb527fa53dd5f64eb21f0213a665db671351456468c8dd0da1e129945b
    pantry-tree:
      size: 383
      sha256: 7bbce9d5ea01f6432cecf3151b7c93751d508c0b28444436365eebda58f599d8
  original:
    subdir: mix-plugin-shell
    url: https://github.com/matsubara0507/mix.hs/archive/f4cad8e116093169c8849a9ae9acefb93c3eefc5.tar.gz
snapshots:
- completed:
    size: 524127
    url: https://raw.githubusercontent.com/commercialhaskell/stackage-snapshots/master/lts/14/6.yaml
    sha256: dc70dfb45e2c32f54719819bd055f46855dd4b3bd2e58b9f3f38729a2d553fbb
  original: lts-14.6
